Microsoft Visual Studio Solution File, Format Version 12.00
# Visual Studio Version 17
VisualStudioVersion = 17.5.2.0
MinimumVisualStudioVersion = 10.0.40219.1
Project("{2150E333-8FDC-42A3-9474-1A3956D46DE8}") = "src", "src", "{827E0CD3-B72D-47B6-A68D-7590B98EB39B}"
EndProject
Project("{FAE04EC0-301F-11D3-BF4B-00C04F79EFBC}") = "AlphaFeatureToggler", "src\AlphaFeatureToggler\AlphaFeatureToggler.csproj", "{DEFB8B3C-4848-345F-06AC-C56D8E9B1CAB}"
EndProject
Project("{FAE04EC0-301F-11D3-BF4B-00C04F79EFBC}") = "AlphaFeatureToggler.Tests", "src\AlphaFeatureToggler.Tests\AlphaFeatureToggler.Tests.csproj", "{A7D37576-5720-2102-4F80-15861243429F}"
EndProject
Global
	GlobalSection(SolutionConfigurationPlatforms) = preSolution
		Debug|Any CPU = Debug|Any CPU
		Release|Any CPU = Release|Any CPU
	EndGlobalSection
	GlobalSection(ProjectConfigurationPlatforms) = postSolution
		{DEFB8B3C-4848-345F-06AC-C56D8E9B1CAB}.Debug|Any CPU.ActiveCfg = Debug|Any CPU
		{DEFB8B3C-4848-345F-06AC-C56D8E9B1CAB}.Debug|Any CPU.Build.0 = Debug|Any CPU
		{DEFB8B3C-4848-345F-06AC-C56D8E9B1CAB}.Release|Any CPU.ActiveCfg = Release|Any CPU
		{DEFB8B3C-4848-345F-06AC-C56D8E9B1CAB}.Release|Any CPU.Build.0 = Release|Any CPU
		{A7D37576-5720-2102-4F80-15861243429F}.Debug|Any CPU.ActiveCfg = Debug|Any CPU
		{A7D37576-5720-2102-4F80-15861243429F}.Debug|Any CPU.Build.0 = Debug|Any CPU
		{A7D37576-5720-2102-4F80-15861243429F}.Release|Any CPU.ActiveCfg = Release|Any CPU
		{A7D37576-5720-2102-4F80-15861243429F}.Release|Any CPU.Build.0 = Release|Any CPU
	EndGlobalSection
	GlobalSection(SolutionProperties) = preSolution
		HideSolutionNode = FALSE
	EndGlobalSection
	GlobalSection(NestedProjects) = preSolution
		{DEFB8B3C-4848-345F-06AC-C56D8E9B1CAB} = {827E0CD3-B72D-47B6-A68D-7590B98EB39B}
		{A7D37576-5720-2102-4F80-15861243429F} = {827E0CD3-B72D-47B6-A68D-7590B98EB39B}
	EndGlobalSection
	GlobalSection(ExtensibilityGlobals) = postSolution
		SolutionGuid = {437D3998-723B-41FA-89A3-A072904E9393}
	EndGlobalSection
EndGlobal
